
Microsoft Visual Studio Solution File, Format Version 12.00
# Visual Studio Version 17
VisualStudioVersion = 17.3.32819.101
MinimumVisualStudioVersion = 10.0.40219.1
Project("{FAE04EC0-301F-11D3-BF4B-00C04F79EFBC}") = "ControleDeContatos", "ControleDeContatos\ControleDeContatos.csproj", "{97CF2A33-34BF-408A-88C9-FDB182511BC1}"
EndProject
Global
	GlobalSection(SolutionConfigurationPlatforms) = preSolution
		Debug|Any CPU = Debug|Any CPU
		Release|Any CPU = Release|Any CPU
	EndGlobalSection
	GlobalSection(ProjectConfigurationPlatforms) = postSolution
		{97CF2A33-34BF-408A-88C9-FDB182511BC1}.Debug|Any CPU.ActiveCfg = Debug|Any CPU
		{97CF2A33-34BF-408A-88C9-FDB182511BC1}.Debug|Any CPU.Build.0 = Debug|Any CPU
		{97CF2A33-34BF-408A-88C9-FDB182511BC1}.Release|Any CPU.ActiveCfg = Release|Any CPU
		{97CF2A33-34BF-408A-88C9-FDB182511BC1}.Release|Any CPU.Build.0 = Release|Any CPU
	EndGlobalSection
	GlobalSection(SolutionProperties) = preSolution
		HideSolutionNode = FALSE
	EndGlobalSection
	GlobalSection(ExtensibilityGlobals) = postSolution
		SolutionGuid = {5C5DB1A5-F80E-43CB-B6BD-C7A24BFC6844}
	EndGlobalSection
EndGlobal
